
Microsoft Visual Studio Solution File, Format Version 12.00
# Visual Studio Version 17
VisualStudioVersion = 17.9.34701.34
MinimumVisualStudioVersion = 10.0.40219.1
Project("{9A19103F-16F7-4668-BE54-9A1E7A4F7556}") = "Back.API", "Back.API\Back.API.csproj", "{51078D6C-D6E1-4BB2-8B66-23F4F27BBB44}"
EndProject
Project("{9A19103F-16F7-4668-BE54-9A1E7A4F7556}") = "Back.Domain", "Back.Domain\Back.Domain.csproj", "{1B128BDA-5000-40B3-B752-55678DF0F9AE}"
EndProject
Project("{9A19103F-16F7-4668-BE54-9A1E7A4F7556}") = "Back.Application", "Back.Application\Back.Application.csproj", "{87B34604-20F5-4C53-8F59-5DDEC326E48E}"
EndProject
Project("{9A19103F-16F7-4668-BE54-9A1E7A4F7556}") = "Back.Infrastructure", "Back.Infrastructure\Back.Infrastructure.csproj", "{2B013FB0-B693-4810-85E8-14BA9F709712}"
EndProject
Project("{2150E333-8FDC-42A3-9474-1A3956D46DE8}") = "BuildingBlocks", "BuildingBlocks", "{D0AA6CEA-2931-4FFF-B540-8449665E3EC2}"
EndProject
Project("{9A19103F-16F7-4668-BE54-9A1E7A4F7556}") = "BuildingBlocks", "BuildingBlocks\BuildingBlocks\BuildingBlocks.csproj", "{A6AA0528-026E-46F8-A18F-33C9D1D6BF49}"
EndProject
Project("{E53339B2-1760-4266-BCC7-CA923CBCF16C}") = "docker-compose", "docker-compose.dcproj", "{7D352938-D3A6-4217-AC7B-74C5DDF57CE0}"
EndProject
Global
	GlobalSection(SolutionConfigurationPlatforms) = preSolution
		Debug|Any CPU = Debug|Any CPU
		Release|Any CPU = Release|Any CPU
	EndGlobalSection
	GlobalSection(ProjectConfigurationPlatforms) = postSolution
		{51078D6C-D6E1-4BB2-8B66-23F4F27BBB44}.Debug|Any CPU.ActiveCfg = Debug|Any CPU
		{51078D6C-D6E1-4BB2-8B66-23F4F27BBB44}.Debug|Any CPU.Build.0 = Debug|Any CPU
		{51078D6C-D6E1-4BB2-8B66-23F4F27BBB44}.Release|Any CPU.ActiveCfg = Release|Any CPU
		{51078D6C-D6E1-4BB2-8B66-23F4F27BBB44}.Release|Any CPU.Build.0 = Release|Any CPU
		{1B128BDA-5000-40B3-B752-55678DF0F9AE}.Debug|Any CPU.ActiveCfg = Debug|Any CPU
		{1B128BDA-5000-40B3-B752-55678DF0F9AE}.Debug|Any CPU.Build.0 = Debug|Any CPU
		{1B128BDA-5000-40B3-B752-55678DF0F9AE}.Release|Any CPU.ActiveCfg = Release|Any CPU
		{1B128BDA-5000-40B3-B752-55678DF0F9AE}.Release|Any CPU.Build.0 = Release|Any CPU
		{87B34604-20F5-4C53-8F59-5DDEC326E48E}.Debug|Any CPU.ActiveCfg = Debug|Any CPU
		{87B34604-20F5-4C53-8F59-5DDEC326E48E}.Debug|Any CPU.Build.0 = Debug|Any CPU
		{87B34604-20F5-4C53-8F59-5DDEC326E48E}.Release|Any CPU.ActiveCfg = Release|Any CPU
		{87B34604-20F5-4C53-8F59-5DDEC326E48E}.Release|Any CPU.Build.0 = Release|Any CPU
		{2B013FB0-B693-4810-85E8-14BA9F709712}.Debug|Any CPU.ActiveCfg = Debug|Any CPU
		{2B013FB0-B693-4810-85E8-14BA9F709712}.Debug|Any CPU.Build.0 = Debug|Any CPU
		{2B013FB0-B693-4810-85E8-14BA9F709712}.Release|Any CPU.ActiveCfg = Release|Any CPU
		{2B013FB0-B693-4810-85E8-14BA9F709712}.Release|Any CPU.Build.0 = Release|Any CPU
		{A6AA0528-026E-46F8-A18F-33C9D1D6BF49}.Debug|Any CPU.ActiveCfg = Debug|Any CPU
		{A6AA0528-026E-46F8-A18F-33C9D1D6BF49}.Debug|Any CPU.Build.0 = Debug|Any CPU
		{A6AA0528-026E-46F8-A18F-33C9D1D6BF49}.Release|Any CPU.ActiveCfg = Release|Any CPU
		{A6AA0528-026E-46F8-A18F-33C9D1D6BF49}.Release|Any CPU.Build.0 = Release|Any CPU
		{7D352938-D3A6-4217-AC7B-74C5DDF57CE0}.Debug|Any CPU.ActiveCfg = Debug|Any CPU
		{7D352938-D3A6-4217-AC7B-74C5DDF57CE0}.Debug|Any CPU.Build.0 = Debug|Any CPU
		{7D352938-D3A6-4217-AC7B-74C5DDF57CE0}.Release|Any CPU.ActiveCfg = Release|Any CPU
		{7D352938-D3A6-4217-AC7B-74C5DDF57CE0}.Release|Any CPU.Build.0 = Release|Any CPU
	EndGlobalSection
	GlobalSection(SolutionProperties) = preSolution
		HideSolutionNode = FALSE
	EndGlobalSection
	GlobalSection(NestedProjects) = preSolution
		{A6AA0528-026E-46F8-A18F-33C9D1D6BF49} = {D0AA6CEA-2931-4FFF-B540-8449665E3EC2}
	EndGlobalSection
	GlobalSection(ExtensibilityGlobals) = postSolution
		SolutionGuid = {7BAD4BB0-1081-4C71-9B37-003AD4B9E192}
	EndGlobalSection
EndGlobal
